
Microsoft Visual Studio Solution File, Format Version 12.00
# Visual Studio Version 17
VisualStudioVersion = 17.4.33205.214
MinimumVisualStudioVersion = 10.0.40219.1
Project("{FAE04EC0-301F-11D3-BF4B-00C04F79EFBC}") = "FinalPractice1", "FinalPractice1\FinalPractice1.csproj", "{7A7668B5-2D4E-4C08-A890-2F307013C54F}"
EndProject
Global
	GlobalSection(SolutionConfigurationPlatforms) = preSolution
		Debug|Any CPU = Debug|Any CPU
		Release|Any CPU = Release|Any CPU
	EndGlobalSection
	GlobalSection(ProjectConfigurationPlatforms) = postSolution
		{7A7668B5-2D4E-4C08-A890-2F307013C54F}.Debug|Any CPU.ActiveCfg = Debug|Any CPU
		{7A7668B5-2D4E-4C08-A890-2F307013C54F}.Debug|Any CPU.Build.0 = Debug|Any CPU
		{7A7668B5-2D4E-4C08-A890-2F307013C54F}.Release|Any CPU.ActiveCfg = Release|Any CPU
		{7A7668B5-2D4E-4C08-A890-2F307013C54F}.Release|Any CPU.Build.0 = Release|Any CPU
	EndGlobalSection
	GlobalSection(SolutionProperties) = preSolution
		HideSolutionNode = FALSE
	EndGlobalSection
	GlobalSection(ExtensibilityGlobals) = postSolution
		SolutionGuid = {8544B7C3-A4E7-4BBD-9C35-0F2D123B15FB}
	EndGlobalSection
EndGlobal
